PODS:
  - Flutter (1.0.0)
  - flutter_geofence (0.1.1):
    - Flutter
  - geocoding (1.0.5):
    - Flutter
  - geolocator_apple (1.2.0):
    - Flutter
  - permission_handler_apple (9.0.4):
    - Flutter
  - workmanager (0.0.1):
    - Flutter

DEPENDENCIES:
  - Flutter (from `Flutter`)
  - flutter_geofence (from `.symlinks/plugins/flutter_geofence/ios`)
  - geocoding (from `.symlinks/plugins/geocoding/ios`)
  - geolocator_apple (from `.symlinks/plugins/geolocator_apple/ios`)
  - permission_handler_apple (from `.symlinks/plugins/permission_handler_apple/ios`)
  - workmanager (from `.symlinks/plugins/workmanager/ios`)

EXTERNAL SOURCES:
  Flutter:
    :path: Flutter
  flutter_geofence:
    :path: ".symlinks/plugins/flutter_geofence/ios"
  geocoding:
    :path: ".symlinks/plugins/geocoding/ios"
  geolocator_apple:
    :path: ".symlinks/plugins/geolocator_apple/ios"
  permission_handler_apple:
    :path: ".symlinks/plugins/permission_handler_apple/ios"
  workmanager:
    :path: ".symlinks/plugins/workmanager/ios"

SPEC CHECKSUMS:
  Flutter: 50d75fe2f02b26cc09d224853bb45737f8b3214a
  flutter_geofence: 08e5427c56c540ffac97425b8e10dd598912fb3d
  geocoding: 32cfcdb16d38d907caaba65e2e42ad10d38bee58
  geolocator_apple: cc556e6844d508c95df1e87e3ea6fa4e58c50401
  permission_handler_apple: 44366e37eaf29454a1e7b1b7d736c2cceaeb17ce
  workmanager: 0afdcf5628bbde6924c21af7836fed07b42e30e6

PODFILE CHECKSUM: c9a33a876e7bc9d82c551ff5566c8d7bad4d2827

COCOAPODS: 1.11.2
